<Solution>
  <Folder Name="/Solution Items/">
    <File Path=".editorconfig" />
    <File Path="Directory.Build.props" />
    <File Path="Directory.Build.targets" />
    <File Path="Directory.Packages.props" />
    <File Path="README.md" />
  </Folder>

  <Folder Name="/src/Rules/">
    <Project Path="src/Rules/STSS.Core.Rules/STSS.Core.Rules.csproj" Id="cc91b736-8f2e-4070-8952-ff87bc9fbbc0" />
  </Folder>
  <Folder Name="/src/" />

  <Folder Name="/src/Domains/">
    <Project Path="src/Domains/STSS.Core.Domain/STSS.Core.Domain.csproj" />
    <Project Path="src/Domains/STSS.Core.Identity.Domain/STSS.Core.Identity.Domain.csproj" />
  </Folder>

  <Folder Name="/src/Dtos/">
    <Project Path="src/Dtos/STSS.Core.Coordinator.Dtos/STSS.Core.Coordinator.Dtos.csproj" />
    <Project Path="src/Dtos/STSS.Core.Dtos/STSS.Core.Dtos.csproj" />
    <Project Path="src/Dtos/STSS.Core.Identity.Dtos/STSS.Core.Identity.Dtos.csproj" />
  </Folder>

  <Folder Name="/src/Interfaces/">
    <Project Path="src/Interfaces/STSS.Core.EF.Contracts/STSS.Core.EF.Contracts.csproj" />
    <Project Path="src/Interfaces/STSS.Core.Identity.API.Contracts/STSS.Core.Identity.API.Contracts.csproj" Id="76f9afab-f036-490b-a29a-e7688af562d0" />
    <Project Path="src/Interfaces/STSS.Core.Identity.Domain.Contracts/STSS.Core.Identity.Domain.Contracts.csproj" />
    <Project Path="src/Interfaces/STSS.Core.Identity.Orchestration.Contracts/STSS.Core.Identity.Orchestration.Contracts.csproj" />
    <Project Path="src/Interfaces/STSS.Core.Orchestration.Contracts/STSS.Core.Orchestration.Contracts.csproj" />
    <Project Path="src/Interfaces/STSS.Core.Repositories.Contracts/STSS.Core.Repositories.Contracts.csproj" />
    <Project Path="src/Interfaces/STSS.MediatR.Abstracts/STSS.MediatR.Abstracts.csproj" Id="3fef2c26-b0c1-4c07-bba2-bf06486f14b5" />
  </Folder>

  <Folder Name="/src/Messages/">
    <Project Path="src/Messages/STSS.Core.Coordinator.Contracts/STSS.Core.Coordinator.Contracts.csproj" />
    <Project Path="src/Messages/STSS.Core.Identity.Coordinator.Contracts/STSS.Core.Identity.Coordinator.Contracts.csproj" />
  </Folder>

  <Folder Name="/Tests/">
  <Project Path="tests/STSS.Core.Foundation.UnitTests/STSS.Core.Foundation.UnitTests.csproj" />
  <Project Path="tests/STSS.Core.Foundation.FunctionalTests/STSS.Core.Foundation.FunctionalTests.csproj" />
  <Project Path="tests/STSS.Core.Foundation.IntegrationTests/STSS.Core.Foundation.IntegrationTests.csproj" />
</Folder>
</Solution>