<Solution>
  <Folder Name="/Solution Items/">
    <File Path=".editorconfig" />
    <File Path="Directory.Build.props" />
    <File Path="Directory.Build.targets" />
    <File Path="Directory.Packages.props" />
    <File Path="README.md" />
  </Folder>
  <Folder Name="/Domains/">
    <Project Path="Domains/StruttonTechnologies.Core.Domain/StruttonTechnologies.Core.Domain.csproj" />
    <Project Path="Domains/StruttonTechnologies.Core.Identity.Domain/StruttonTechnologies.Core.Identity.Domain.csproj" />
  </Folder>
  <Folder Name="/Dtos/">
    <Project Path="Dtos/StruttonTechnologies.Core.Coordinator.Dtos/StruttonTechnologies.Core.Coordinator.Dtos.csproj" />
    <Project Path="Dtos/StruttonTechnologies.Core.Dtos/StruttonTechnologies.Core.Dtos.csproj" />
    <Project Path="Dtos/StruttonTechnologies.Core.Identity.Dtos/StruttonTechnologies.Core.Identity.Dtos.csproj" />
  </Folder>
  <Folder Name="/Interfaces/">
    <Project Path="Interfaces/StruttonTechnologies.Core.Composition.Contracts/StruttonTechnologies.Core.Composition.Contracts.csproj" Id="4b5f84b8-e44c-43d5-b8bb-2e7cd33a5fbf" />
    <Project Path="Interfaces/StruttonTechnologies.Core.EF.Contracts/StruttonTechnologies.Core.EF.Contracts.csproj" />
    <Project Path="Interfaces/StruttonTechnologies.Core.Identity.API.Contracts/StruttonTechnologies.Core.Identity.API.Contracts.csproj" />
    <Project Path="Interfaces/StruttonTechnologies.Core.Identity.Domain.Contracts/StruttonTechnologies.Core.Identity.Domain.Contracts.csproj" />
    <Project Path="Interfaces/StruttonTechnologies.Core.Identity.Orchestration.Contracts/StruttonTechnologies.Core.Identity.Orchestration.Contracts.csproj" />
    <Project Path="Interfaces/StruttonTechnologies.Core.Orchestration.Contracts/StruttonTechnologies.Core.Orchestration.Contracts.csproj" />
    <Project Path="Interfaces/StruttonTechnologies.Core.Repositories.Contracts/StruttonTechnologies.Core.Repositories.Contracts.csproj" />
  </Folder>
  <Folder Name="/Messages/">
    <Project Path="Messages/StruttonTechnologies.Core.Coordinator.Contracts/StruttonTechnologies.Core.Coordinator.Contracts.csproj" />
    <Project Path="Messages/StruttonTechnologies.Core.Identity.Coordinator.Contracts/StruttonTechnologies.Core.Identity.Coordinator.Contracts.csproj" />
  </Folder>
</Solution>
